<?xml version="1.0" encoding="utf-8"?>
<Project ToolsVersion="4.0" xmlns="http://schemas.microsoft.com/developer/msbuild/2003">
  <ItemGroup>
    <Filter Include="Generated Files">
      <UniqueIdentifier>{71ED8ED8-ACB9-4CE9-BBE1-E00B30144E11}</UniqueIdentifier>
      <Extensions>cpp;c;cxx;moc;h;def;odl;idl;res;</Extensions>
    </Filter>
    <Filter Include="Generated Files">
      <UniqueIdentifier>{71ED8ED8-ACB9-4CE9-BBE1-E00B30144E11}</UniqueIdentifier>
      <Extensions>cpp;c;cxx;moc;h;def;odl;idl;res;</Extensions>
    </Filter>
    <Filter Include="Header Files">
      <UniqueIdentifier>{93995380-89BD-4b04-88EB-625FBE52EBFB}</UniqueIdentifier>
      <Extensions>h;hpp;hxx;hm;inl;inc;xsd</Extensions>
    </Filter>
    <Filter Include="Header Files">
      <UniqueIdentifier>{93995380-89BD-4b04-88EB-625FBE52EBFB}</UniqueIdentifier>
      <Extensions>h;hpp;hxx;hm;inl;inc;xsd</Extensions>
    </Filter>
    <Filter Include="Source Files">
      <UniqueIdentifier>{4FC737F1-C7A5-4376-A066-2A32D752A2FF}</UniqueIdentifier>
      <Extensions>cpp;c;cxx;def;odl;idl;hpj;bat;asm;asmx</Extensions>
    </Filter>
    <Filter Include="Source Files">
      <UniqueIdentifier>{4FC737F1-C7A5-4376-A066-2A32D752A2FF}</UniqueIdentifier>
      <Extensions>cpp;c;cxx;def;odl;idl;hpj;bat;asm;asmx</Extensions>
    </Filter>
    <Filter Include="Generated Files\Debug">
      <UniqueIdentifier>{7710a8bb-0e92-4a56-8718-b44bc4eeb6f5}</UniqueIdentifier>
      <Extensions>cpp;moc</Extensions>
      <SourceControlFiles>False</SourceControlFiles>
    </Filter>
    <Filter Include="Generated Files\Release">
      <UniqueIdentifier>{93957531-d07d-45fe-85f6-ba6eaf541047}</UniqueIdentifier>
      <Extensions>cpp;moc</Extensions>
      <SourceControlFiles>False</SourceControlFiles>
    </Filter>
  </ItemGroup>
  <ItemGroup>
    <ClCompile Include="client.cpp">
      <Filter>Source Files</Filter>
    </ClCompile>
    <ClCompile Include="main.cpp">
      <Filter>Source Files</Filter>
    </ClCompile>
    <ClCompile Include="renderarea361.cpp">
      <Filter>Source Files</Filter>
    </ClCompile>
    <ClCompile Include="window361.cpp">
      <Filter>Source Files</Filter>
    </ClCompile>
    <ClCompile Include="Debug\moc_renderarea361.cpp">
      <Filter>Generated Files\Debug</Filter>
    </ClCompile>
    <ClCompile Include="Release\moc_renderarea361.cpp">
      <Filter>Generated Files\Release</Filter>
    </ClCompile>
    <ClCompile Include="Debug\moc_window361.cpp">
      <Filter>Generated Files\Debug</Filter>
    </ClCompile>
    <ClCompile Include="Release\moc_window361.cpp">
      <Filter>Generated Files\Release</Filter>
    </ClCompile>
    <ClCompile Include="MathWiz\MathWiz.cpp">
      <Filter>Generated Files</Filter>
    </ClCompile>
    <ClCompile Include="OctantWiz\OctantWiz.cpp">
      <Filter>Generated Files</Filter>
    </ClCompile>
    <ClCompile Include="Renderer\LineRender.cpp">
      <Filter>Generated Files</Filter>
    </ClCompile>
    <ClCompile Include="Renderer\PolyFill.cpp">
      <Filter>Generated Files</Filter>
    </ClCompile>
    <ClCompile Include="RenderTests\RenderTests.cpp">
      <Filter>Generated Files</Filter>
    </ClCompile>
    <ClCompile Include="Renderer\InterpolatedLines.cpp">
      <Filter>Generated Files</Filter>
    </ClCompile>
    <ClCompile Include="Renderer\InterpolatedPolyFill.cpp">
      <Filter>Generated Files</Filter>
    </ClCompile>
    <ClCompile Include="Interpreter\Interpreter.cpp">
      <Filter>Generated Files</Filter>
    </ClCompile>
    <ClCompile Include="Matrix\Matrix.cpp">
      <Filter>Generated Files</Filter>
    </ClCompile>
    <ClCompile Include="Color\Color.cpp">
      <Filter>Generated Files</Filter>
    </ClCompile>
    <ClCompile Include="Camera\Camera.cpp">
      <Filter>Generated Files</Filter>
    </ClCompile>
  </ItemGroup>
  <ItemGroup>
    <ClInclude Include="client.h">
      <Filter>Header Files</Filter>
    </ClInclude>
    <ClInclude Include="drawable.h">
      <Filter>Header Files</Filter>
    </ClInclude>
    <ClInclude Include="pageturner.h">
      <Filter>Header Files</Filter>
    </ClInclude>
    <CustomBuild Include="renderarea361.h">
      <Filter>Header Files</Filter>
    </CustomBuild>
    <CustomBuild Include="window361.h">
      <Filter>Header Files</Filter>
    </CustomBuild>
    <ClInclude Include="MathWiz\MathWiz.h">
      <Filter>Header Files</Filter>
    </ClInclude>
    <ClInclude Include="OctantWiz\OctantWiz.h">
      <Filter>Header Files</Filter>
    </ClInclude>
    <ClInclude Include="Renderer\LineRender.h">
      <Filter>Header Files</Filter>
    </ClInclude>
    <ClInclude Include="Renderer\PolyFill.h">
      <Filter>Header Files</Filter>
    </ClInclude>
    <ClInclude Include="RenderTests\RenderTests.h">
      <Filter>Header Files</Filter>
    </ClInclude>
    <ClInclude Include="Renderer\InterpolatedLines.h">
      <Filter>Generated Files</Filter>
    </ClInclude>
    <ClInclude Include="Renderer\InterpolatedPolyFill.h">
      <Filter>Generated Files</Filter>
    </ClInclude>
    <ClInclude Include="Interpreter\Interpreter.h">
      <Filter>Generated Files</Filter>
    </ClInclude>
    <ClInclude Include="Matrix\Matrix.h">
      <Filter>Generated Files</Filter>
    </ClInclude>
    <ClInclude Include="Color\Color.h">
      <Filter>Generated Files</Filter>
    </ClInclude>
    <ClInclude Include="Camera\Camera.h">
      <Filter>Generated Files</Filter>
    </ClInclude>
    <ClInclude Include="Camera\ViewFrustum.h">
      <Filter>Generated Files</Filter>
    </ClInclude>
  </ItemGroup>
  <ItemGroup>
    <None Include="cube.simp" />
    <None Include="cube2.simp" />
    <None Include="z0_face.simp" />
    <None Include="largecube.simp" />
    <None Include="mountain.simp" />
    <None Include="page5.simp" />
    <None Include="cubeline.simp" />
    <None Include="interpCheck.simp" />
    <None Include="niceCubeline.simp" />
    <None Include="page4.simp" />
    <None Include="page4assembly.simp" />
    <None Include="test1.simp" />
    <None Include="test2.simp" />
    <None Include="test3.simp" />
    <None Include="threeCubelinesIntersecting.simp" />
    <None Include="triPrism.simp" />
    <None Include="pageA.simp" />
  </ItemGroup>
</Project>